// !$*UTF8*$!
{
	archiveVersion = 1;
	classes = {
	};
	objectVersion = 51;
	objects = {

/* Begin PBXBuildFile section */
		1102EAA22363EB5B00845DC2 /* Book.swift in Sources */ = {isa = PBXBuildFile; fileRef = 1102EAA12363EB5B00845DC2 /* Book.swift */; };
		1102EAA52363EBFD00845DC2 /* BookService.swift in Sources */ = {isa = PBXBuildFile; fileRef = 1102EAA42363EBFD00845DC2 /* BookService.swift */; };
		1102EAA72363ECA300845DC2 /* CellItem.swift in Sources */ = {isa = PBXBuildFile; fileRef = 1102EAA62363ECA300845DC2 /* CellItem.swift */; };
		1102EAAA2363F0F000845DC2 /* BookCollectionViewCell.swift in Sources */ = {isa = PBXBuildFile; fileRef = 1102EAA82363F0F000845DC2 /* BookCollectionViewCell.swift */; };
		1102EAAB2363F0F000845DC2 /* BookCollectionViewCell.xib in Resources */ = {isa = PBXBuildFile; fileRef = 1102EAA92363F0F000845DC2 /* BookCollectionViewCell.xib */; };
		1102EAB12363F96B00845DC2 /* GoogleService-Info.plist in Resources */ = {isa = PBXBuildFile; fileRef = 1102EAB02363F96B00845DC2 /* GoogleService-Info.plist */; };
		1102EAB3236403C400845DC2 /* Anja Eliane accent002.ttf in Resources */ = {isa = PBXBuildFile; fileRef = 1102EAB2236403C400845DC2 /* Anja Eliane accent002.ttf */; };
		1102EAB823641A2100845DC2 /* HomeHeaderCollectionViewCell.swift in Sources */ = {isa = PBXBuildFile; fileRef = 1102EAB623641A2100845DC2 /* HomeHeaderCollectionViewCell.swift */; };
		1102EAB923641A2100845DC2 /* HomeHeaderCollectionViewCell.xib in Resources */ = {isa = PBXBuildFile; fileRef = 1102EAB723641A2100845DC2 /* HomeHeaderCollectionViewCell.xib */; };
		1135D22723649A9100D50753 /* Page.swift in Sources */ = {isa = PBXBuildFile; fileRef = 1135D22623649A9100D50753 /* Page.swift */; };
		1135D22923649B3F00D50753 /* PageService.swift in Sources */ = {isa = PBXBuildFile; fileRef = 1135D22823649B3F00D50753 /* PageService.swift */; };
		1141FAE32363E5340031DC24 /* HomeViewController.swift in Sources */ = {isa = PBXBuildFile; fileRef = 1141FAE22363E5340031DC24 /* HomeViewController.swift */; };
		1141FAE52363E5490031DC24 /* HomeViewReactor.swift in Sources */ = {isa = PBXBuildFile; fileRef = 1141FAE42363E5490031DC24 /* HomeViewReactor.swift */; };
		114A2D5923651A580059A787 /* loading.json in Resources */ = {isa = PBXBuildFile; fileRef = 114A2D5823651A580059A787 /* loading.json */; };
		114B924A2363D579007DE4A4 /* AppDelegate.swift in Sources */ = {isa = PBXBuildFile; fileRef = 114B92492363D579007DE4A4 /* AppDelegate.swift */; };
		114B924C2363D579007DE4A4 /* SceneDelegate.swift in Sources */ = {isa = PBXBuildFile; fileRef = 114B924B2363D579007DE4A4 /* SceneDelegate.swift */; };
		114B92512363D579007DE4A4 /* Main.storyboard in Resources */ = {isa = PBXBuildFile; fileRef = 114B924F2363D579007DE4A4 /* Main.storyboard */; };
		114B92532363D57A007DE4A4 /* Assets.xcassets in Resources */ = {isa = PBXBuildFile; fileRef = 114B92522363D57A007DE4A4 /* Assets.xcassets */; };
		114B92562363D57A007DE4A4 /* LaunchScreen.storyboard in Resources */ = {isa = PBXBuildFile; fileRef = 114B92542363D57A007DE4A4 /* LaunchScreen.storyboard */; };
		11AA8CC423643FC300666218 /* Single.storyboard in Resources */ = {isa = PBXBuildFile; fileRef = 11AA8CC323643FC300666218 /* Single.storyboard */; };
		11AA8CC62364482D00666218 /* SingleBookViewController.swift in Sources */ = {isa = PBXBuildFile; fileRef = 11AA8CC52364482D00666218 /* SingleBookViewController.swift */; };
		11AA8CC923644BCD00666218 /* BookPresentable.swift in Sources */ = {isa = PBXBuildFile; fileRef = 11AA8CC823644BCD00666218 /* BookPresentable.swift */; };
		11AA8CCB23644CE100666218 /* Storyboard+Instantiate.swift in Sources */ = {isa = PBXBuildFile; fileRef = 11AA8CCA23644CE100666218 /* Storyboard+Instantiate.swift */; };
		11AA8CCD23644D4500666218 /* SingleBookViewReactor.swift in Sources */ = {isa = PBXBuildFile; fileRef = 11AA8CCC23644D4500666218 /* SingleBookViewReactor.swift */; };
		11AA8CCF23644F8C00666218 /* Chapter.swift in Sources */ = {isa = PBXBuildFile; fileRef = 11AA8CCE23644F8C00666218 /* Chapter.swift */; };
		11AA8CD12364512B00666218 /* ChapterService.swift in Sources */ = {isa = PBXBuildFile; fileRef = 11AA8CD02364512B00666218 /* ChapterService.swift */; };
		11AA8CD42364565600666218 /* ChapterCollectionViewCell.swift in Sources */ = {isa = PBXBuildFile; fileRef = 11AA8CD22364565600666218 /* ChapterCollectionViewCell.swift */; };
		11AA8CD52364565600666218 /* ChapterCollectionViewCell.xib in Resources */ = {isa = PBXBuildFile; fileRef = 11AA8CD32364565600666218 /* ChapterCollectionViewCell.xib */; };
		11AED76A2364987D003D2C82 /* ViewerViewController.swift in Sources */ = {isa = PBXBuildFile; fileRef = 11AED7692364987D003D2C82 /* ViewerViewController.swift */; };
		E9EC47885DC7038B3E102953 /* Pods_Marine.framework in Frameworks */ = {isa = PBXBuildFile; fileRef = 94451D3B24745EF47C578302 /* Pods_Marine.framework */; };
/* End PBXBuildFile section */

/* Begin PBXFileReference section */
		1102EAA12363EB5B00845DC2 /* Book.swift */ = {isa = PBXFileReference; lastKnownFileType = sourcecode.swift; path = Book.swift; sourceTree = "<group>"; };
		1102EAA42363EBFD00845DC2 /* BookService.swift */ = {isa = PBXFileReference; lastKnownFileType = sourcecode.swift; path = BookService.swift; sourceTree = "<group>"; };
		1102EAA62363ECA300845DC2 /* CellItem.swift */ = {isa = PBXFileReference; lastKnownFileType = sourcecode.swift; path = CellItem.swift; sourceTree = "<group>"; };
		1102EAA82363F0F000845DC2 /* BookCollectionViewCell.swift */ = {isa = PBXFileReference; lastKnownFileType = sourcecode.swift; path = BookCollectionViewCell.swift; sourceTree = "<group>"; };
		1102EAA92363F0F000845DC2 /* BookCollectionViewCell.xib */ = {isa = PBXFileReference; lastKnownFileType = file.xib; path = BookCollectionViewCell.xib; sourceTree = "<group>"; };
		1102EAB02363F96B00845DC2 /* GoogleService-Info.plist */ = {isa = PBXFileReference; fileEncoding = 4; lastKnownFileType = text.plist.xml; path = "GoogleService-Info.plist"; sourceTree = "<group>"; };
		1102EAB2236403C400845DC2 /* Anja Eliane accent002.ttf */ = {isa = PBXFileReference; lastKnownFileType = file; path = "Anja Eliane accent002.ttf"; sourceTree = "<group>"; };
		1102EAB623641A2100845DC2 /* HomeHeaderCollectionViewCell.swift */ = {isa = PBXFileReference; lastKnownFileType = sourcecode.swift; path = HomeHeaderCollectionViewCell.swift; sourceTree = "<group>"; };
		1102EAB723641A2100845DC2 /* HomeHeaderCollectionViewCell.xib */ = {isa = PBXFileReference; lastKnownFileType = file.xib; path = HomeHeaderCollectionViewCell.xib; sourceTree = "<group>"; };
		1135D22623649A9100D50753 /* Page.swift */ = {isa = PBXFileReference; lastKnownFileType = sourcecode.swift; path = Page.swift; sourceTree = "<group>"; };
		1135D22823649B3F00D50753 /* PageService.swift */ = {isa = PBXFileReference; lastKnownFileType = sourcecode.swift; path = PageService.swift; sourceTree = "<group>"; };
		1141FAE22363E5340031DC24 /* HomeViewController.swift */ = {isa = PBXFileReference; lastKnownFileType = sourcecode.swift; path = HomeViewController.swift; sourceTree = "<group>"; };
		1141FAE42363E5490031DC24 /* HomeViewReactor.swift */ = {isa = PBXFileReference; lastKnownFileType = sourcecode.swift; path = HomeViewReactor.swift; sourceTree = "<group>"; };
		114A2D5823651A580059A787 /* loading.json */ = {isa = PBXFileReference; fileEncoding = 4; lastKnownFileType = text.json; path = loading.json; sourceTree = "<group>"; };
		114B92462363D579007DE4A4 /* Marine.app */ = {isa = PBXFileReference; explicitFileType = wrapper.application; includeInIndex = 0; path = Marine.app; sourceTree = BUILT_PRODUCTS_DIR; };
		114B92492363D579007DE4A4 /* AppDelegate.swift */ = {isa = PBXFileReference; lastKnownFileType = sourcecode.swift; path = AppDelegate.swift; sourceTree = "<group>"; };
		114B924B2363D579007DE4A4 /* SceneDelegate.swift */ = {isa = PBXFileReference; lastKnownFileType = sourcecode.swift; path = SceneDelegate.swift; sourceTree = "<group>"; };
		114B92502363D579007DE4A4 /* Base */ = {isa = PBXFileReference; lastKnownFileType = file.storyboard; name = Base; path = Base.lproj/Main.storyboard; sourceTree = "<group>"; };
		114B92522363D57A007DE4A4 /* Assets.xcassets */ = {isa = PBXFileReference; lastKnownFileType = folder.assetcatalog; path = Assets.xcassets; sourceTree = "<group>"; };
		114B92552363D57A007DE4A4 /* Base */ = {isa = PBXFileReference; lastKnownFileType = file.storyboard; name = Base; path = Base.lproj/LaunchScreen.storyboard; sourceTree = "<group>"; };
		114B92572363D57A007DE4A4 /* Info.plist */ = {isa = PBXFileReference; lastKnownFileType = text.plist.xml; path = Info.plist; sourceTree = "<group>"; };
		11AA8CC323643FC300666218 /* Single.storyboard */ = {isa = PBXFileReference; lastKnownFileType = file.storyboard; path = Single.storyboard; sourceTree = "<group>"; };
		11AA8CC52364482D00666218 /* SingleBookViewController.swift */ = {isa = PBXFileReference; lastKnownFileType = sourcecode.swift; path = SingleBookViewController.swift; sourceTree = "<group>"; };
		11AA8CC823644BCD00666218 /* BookPresentable.swift */ = {isa = PBXFileReference; lastKnownFileType = sourcecode.swift; path = BookPresentable.swift; sourceTree = "<group>"; };
		11AA8CCA23644CE100666218 /* Storyboard+Instantiate.swift */ = {isa = PBXFileReference; lastKnownFileType = sourcecode.swift; path = "Storyboard+Instantiate.swift"; sourceTree = "<group>"; };
		11AA8CCC23644D4500666218 /* SingleBookViewReactor.swift */ = {isa = PBXFileReference; lastKnownFileType = sourcecode.swift; path = SingleBookViewReactor.swift; sourceTree = "<group>"; };
		11AA8CCE23644F8C00666218 /* Chapter.swift */ = {isa = PBXFileReference; lastKnownFileType = sourcecode.swift; path = Chapter.swift; sourceTree = "<group>"; };
		11AA8CD02364512B00666218 /* ChapterService.swift */ = {isa = PBXFileReference; lastKnownFileType = sourcecode.swift; path = ChapterService.swift; sourceTree = "<group>"; };
		11AA8CD22364565600666218 /* ChapterCollectionViewCell.swift */ = {isa = PBXFileReference; lastKnownFileType = sourcecode.swift; path = ChapterCollectionViewCell.swift; sourceTree = "<group>"; };
		11AA8CD32364565600666218 /* ChapterCollectionViewCell.xib */ = {isa = PBXFileReference; lastKnownFileType = file.xib; path = ChapterCollectionViewCell.xib; sourceTree = "<group>"; };
		11AED7692364987D003D2C82 /* ViewerViewController.swift */ = {isa = PBXFileReference; lastKnownFileType = sourcecode.swift; path = ViewerViewController.swift; sourceTree = "<group>"; };
		2115B27A63AA51501BA388BD /* Pods-Marine.debug.xcconfig */ = {isa = PBXFileReference; includeInIndex = 1; lastKnownFileType = text.xcconfig; name = "Pods-Marine.debug.xcconfig"; path = "Target Support Files/Pods-Marine/Pods-Marine.debug.xcconfig"; sourceTree = "<group>"; };
		94451D3B24745EF47C578302 /* Pods_Marine.framework */ = {isa = PBXFileReference; explicitFileType = wrapper.framework; includeInIndex = 0; path = Pods_Marine.framework; sourceTree = BUILT_PRODUCTS_DIR; };
		D791D4AB253062BD2D8B7ADB /* Pods-Marine.release.xcconfig */ = {isa = PBXFileReference; includeInIndex = 1; lastKnownFileType = text.xcconfig; name = "Pods-Marine.release.xcconfig"; path = "Target Support Files/Pods-Marine/Pods-Marine.release.xcconfig"; sourceTree = "<group>"; };
/* End PBXFileReference section */

/* Begin PBXFrameworksBuildPhase section */
		114B92432363D579007DE4A4 /* Frameworks */ = {
			isa = PBXFrameworksBuildPhase;
			buildActionMask = 2147483647;
			files = (
				E9EC47885DC7038B3E102953 /* Pods_Marine.framework in Frameworks */,
			);
			runOnlyForDeploymentPostprocessing = 0;
		};
/* End PBXFrameworksBuildPhase section */

/* Begin PBXGroup section */
		1102EAA02363EB4C00845DC2 /* Model */ = {
			isa = PBXGroup;
			children = (
				1102EAA12363EB5B00845DC2 /* Book.swift */,
				11AA8CCE23644F8C00666218 /* Chapter.swift */,
				1102EAA62363ECA300845DC2 /* CellItem.swift */,
				1135D22623649A9100D50753 /* Page.swift */,
			);
			path = Model;
			sourceTree = "<group>";
		};
		1102EAA32363EBED00845DC2 /* Service */ = {
			isa = PBXGroup;
			children = (
				1102EAA42363EBFD00845DC2 /* BookService.swift */,
				11AA8CD02364512B00666218 /* ChapterService.swift */,
				1135D22823649B3F00D50753 /* PageService.swift */,
			);
			path = Service;
			sourceTree = "<group>";
		};
		1141FADD2363E4D30031DC24 /* UI */ = {
			isa = PBXGroup;
			children = (
				1141FADE2363E4E20031DC24 /* Home */,
				1141FADF2363E4EA0031DC24 /* Single */,
				1141FAE02363E4F50031DC24 /* Viewer */,
				1141FAE12363E51A0031DC24 /* Components */,
				114B924F2363D579007DE4A4 /* Main.storyboard */,
				11AA8CC323643FC300666218 /* Single.storyboard */,
			);
			path = UI;
			sourceTree = "<group>";
		};
		1141FADE2363E4E20031DC24 /* Home */ = {
			isa = PBXGroup;
			children = (
				1141FAE22363E5340031DC24 /* HomeViewController.swift */,
				1141FAE42363E5490031DC24 /* HomeViewReactor.swift */,
			);
			path = Home;
			sourceTree = "<group>";
		};
		1141FADF2363E4EA0031DC24 /* Single */ = {
			isa = PBXGroup;
			children = (
				11AA8CC52364482D00666218 /* SingleBookViewController.swift */,
				11AA8CCC23644D4500666218 /* SingleBookViewReactor.swift */,
			);
			path = Single;
			sourceTree = "<group>";
		};
		1141FAE02363E4F50031DC24 /* Viewer */ = {
			isa = PBXGroup;
			children = (
				11AED7692364987D003D2C82 /* ViewerViewController.swift */,
			);
			path = Viewer;
			sourceTree = "<group>";
		};
		1141FAE12363E51A0031DC24 /* Components */ = {
			isa = PBXGroup;
			children = (
				1102EAA82363F0F000845DC2 /* BookCollectionViewCell.swift */,
				1102EAA92363F0F000845DC2 /* BookCollectionViewCell.xib */,
				1102EAB623641A2100845DC2 /* HomeHeaderCollectionViewCell.swift */,
				1102EAB723641A2100845DC2 /* HomeHeaderCollectionViewCell.xib */,
				11AA8CD22364565600666218 /* ChapterCollectionViewCell.swift */,
				11AA8CD32364565600666218 /* ChapterCollectionViewCell.xib */,
			);
			path = Components;
			sourceTree = "<group>";
		};
		114B923D2363D579007DE4A4 = {
			isa = PBXGroup;
			children = (
				114B92482363D579007DE4A4 /* Marine */,
				114B92472363D579007DE4A4 /* Products */,
				389C0B16069C27C6F0BFC815 /* Pods */,
				CE6DBF5E8E2B905DB63C39B4 /* Frameworks */,
			);
			sourceTree = "<group>";
		};
		114B92472363D579007DE4A4 /* Products */ = {
			isa = PBXGroup;
			children = (
				114B92462363D579007DE4A4 /* Marine.app */,
			);
			name = Products;
			sourceTree = "<group>";
		};
		114B92482363D579007DE4A4 /* Marine */ = {
			isa = PBXGroup;
			children = (
				1102EAA32363EBED00845DC2 /* Service */,
				1102EAA02363EB4C00845DC2 /* Model */,
				1141FADD2363E4D30031DC24 /* UI */,
				11AA8CC723644B7300666218 /* Presentable */,
				114B92492363D579007DE4A4 /* AppDelegate.swift */,
				114B924B2363D579007DE4A4 /* SceneDelegate.swift */,
				114B92542363D57A007DE4A4 /* LaunchScreen.storyboard */,
				114B92522363D57A007DE4A4 /* Assets.xcassets */,
				114B92572363D57A007DE4A4 /* Info.plist */,
				1102EAB02363F96B00845DC2 /* GoogleService-Info.plist */,
				1102EAB2236403C400845DC2 /* Anja Eliane accent002.ttf */,
				11AA8CCA23644CE100666218 /* Storyboard+Instantiate.swift */,
				114A2D5823651A580059A787 /* loading.json */,
			);
			path = Marine;
			sourceTree = "<group>";
		};
		11AA8CC723644B7300666218 /* Presentable */ = {
			isa = PBXGroup;
			children = (
				11AA8CC823644BCD00666218 /* BookPresentable.swift */,
			);
			path = Presentable;
			sourceTree = "<group>";
		};
		389C0B16069C27C6F0BFC815 /* Pods */ = {
			isa = PBXGroup;
			children = (
				2115B27A63AA51501BA388BD /* Pods-Marine.debug.xcconfig */,
				D791D4AB253062BD2D8B7ADB /* Pods-Marine.release.xcconfig */,
			);
			path = Pods;
			sourceTree = "<group>";
		};
		CE6DBF5E8E2B905DB63C39B4 /* Frameworks */ = {
			isa = PBXGroup;
			children = (
				94451D3B24745EF47C578302 /* Pods_Marine.framework */,
			);
			name = Frameworks;
			sourceTree = "<group>";
		};
/* End PBXGroup section */

/* Begin PBXNativeTarget section */
		114B92452363D579007DE4A4 /* Marine */ = {
			isa = PBXNativeTarget;
			buildConfigurationList = 114B925A2363D57A007DE4A4 /* Build configuration list for PBXNativeTarget "Marine" */;
			buildPhases = (
				25481A77CCCD3F23D4DC5766 /* [CP] Check Pods Manifest.lock */,
				114B92422363D579007DE4A4 /* Sources */,
				114B92432363D579007DE4A4 /* Frameworks */,
				114B92442363D579007DE4A4 /* Resources */,
				5F71AB6FF7D549A2756058FF /* [CP] Embed Pods Frameworks */,
			);
			buildRules = (
			);
			dependencies = (
			);
			name = Marine;
			productName = Marine;
			productReference = 114B92462363D579007DE4A4 /* Marine.app */;
			productType = "com.apple.product-type.application";
		};
/* End PBXNativeTarget section */

/* Begin PBXProject section */
		114B923E2363D579007DE4A4 /* Project object */ = {
			isa = PBXProject;
			attributes = {
				LastSwiftUpdateCheck = 1100;
				LastUpgradeCheck = 1100;
				ORGANIZATIONNAME = "Imagine Kawabe";
				TargetAttributes = {
					114B92452363D579007DE4A4 = {
						CreatedOnToolsVersion = 11.0;
					};
				};
			};
			buildConfigurationList = 114B92412363D579007DE4A4 /* Build configuration list for PBXProject "Marine" */;
			compatibilityVersion = "Xcode 9.3";
			developmentRegion = en;
			hasScannedForEncodings = 0;
			knownRegions = (
				en,
				Base,
			);
			mainGroup = 114B923D2363D579007DE4A4;
			productRefGroup = 114B92472363D579007DE4A4 /* Products */;
			projectDirPath = "";
			projectRoot = "";
			targets = (
				114B92452363D579007DE4A4 /* Marine */,
			);
		};
/* End PBXProject section */

/* Begin PBXResourcesBuildPhase section */
		114B92442363D579007DE4A4 /* Resources */ = {
			isa = PBXResourcesBuildPhase;
			buildActionMask = 2147483647;
			files = (
				114B92562363D57A007DE4A4 /* LaunchScreen.storyboard in Resources */,
				11AA8CC423643FC300666218 /* Single.storyboard in Resources */,
				1102EAB12363F96B00845DC2 /* GoogleService-Info.plist in Resources */,
				1102EAAB2363F0F000845DC2 /* BookCollectionViewCell.xib in Resources */,
				114A2D5923651A580059A787 /* loading.json in Resources */,
				11AA8CD52364565600666218 /* ChapterCollectionViewCell.xib in Resources */,
				1102EAB3236403C400845DC2 /* Anja Eliane accent002.ttf in Resources */,
				1102EAB923641A2100845DC2 /* HomeHeaderCollectionViewCell.xib in Resources */,
				114B92532363D57A007DE4A4 /* Assets.xcassets in Resources */,
				114B92512363D579007DE4A4 /* Main.storyboard in Resources */,
			);
			runOnlyForDeploymentPostprocessing = 0;
		};
/* End PBXResourcesBuildPhase section */

/* Begin PBXShellScriptBuildPhase section */
		25481A77CCCD3F23D4DC5766 /* [CP] Check Pods Manifest.lock */ = {
			isa = PBXShellScriptBuildPhase;
			buildActionMask = 2147483647;
			files = (
			);
			inputFileListPaths = (
			);
			inputPaths = (
				"${PODS_PODFILE_DIR_PATH}/Podfile.lock",
				"${PODS_ROOT}/Manifest.lock",
			);
			name = "[CP] Check Pods Manifest.lock";
			outputFileListPaths = (
			);
			outputPaths = (
				"$(DERIVED_FILE_DIR)/Pods-Marine-checkManifestLockResult.txt",
			);
			runOnlyForDeploymentPostprocessing = 0;
			shellPath = /bin/sh;
			shellScript = "diff \"${PODS_PODFILE_DIR_PATH}/Podfile.lock\" \"${PODS_ROOT}/Manifest.lock\" > /dev/null\nif [ $? != 0 ] ; then\n    # print error to STDERR\n    echo \"error: The sandbox is not in sync with the Podfile.lock. Run 'pod install' or update your CocoaPods installation.\" >&2\n    exit 1\nfi\n# This output is used by Xcode 'outputs' to avoid re-running this script phase.\necho \"SUCCESS\" > \"${SCRIPT_OUTPUT_FILE_0}\"\n";
			showEnvVarsInLog = 0;
		};
		5F71AB6FF7D549A2756058FF /* [CP] Embed Pods Frameworks */ = {
			isa = PBXShellScriptBuildPhase;
			buildActionMask = 2147483647;
			files = (
			);
			inputFileListPaths = (
				"${PODS_ROOT}/Target Support Files/Pods-Marine/Pods-Marine-frameworks-${CONFIGURATION}-input-files.xcfilelist",
			);
			name = "[CP] Embed Pods Frameworks";
			outputFileListPaths = (
				"${PODS_ROOT}/Target Support Files/Pods-Marine/Pods-Marine-frameworks-${CONFIGURATION}-output-files.xcfilelist",
			);
			runOnlyForDeploymentPostprocessing = 0;
			shellPath = /bin/sh;
			shellScript = "\"${PODS_ROOT}/Target Support Files/Pods-Marine/Pods-Marine-frameworks.sh\"\n";
			showEnvVarsInLog = 0;
		};
/* End PBXShellScriptBuildPhase section */

/* Begin PBXSourcesBuildPhase section */
		114B92422363D579007DE4A4 /* Sources */ = {
			isa = PBXSourcesBuildPhase;
			buildActionMask = 2147483647;
			files = (
				1102EAA52363EBFD00845DC2 /* BookService.swift in Sources */,
				1102EAAA2363F0F000845DC2 /* BookCollectionViewCell.swift in Sources */,
				1135D22923649B3F00D50753 /* PageService.swift in Sources */,
				1102EAB823641A2100845DC2 /* HomeHeaderCollectionViewCell.swift in Sources */,
				11AA8CCB23644CE100666218 /* Storyboard+Instantiate.swift in Sources */,
				1102EAA22363EB5B00845DC2 /* Book.swift in Sources */,
				11AA8CD12364512B00666218 /* ChapterService.swift in Sources */,
				1141FAE52363E5490031DC24 /* HomeViewReactor.swift in Sources */,
				11AA8CC923644BCD00666218 /* BookPresentable.swift in Sources */,
				11AED76A2364987D003D2C82 /* ViewerViewController.swift in Sources */,
				11AA8CD42364565600666218 /* ChapterCollectionViewCell.swift in Sources */,
				11AA8CC62364482D00666218 /* SingleBookViewController.swift in Sources */,
				114B924A2363D579007DE4A4 /* AppDelegate.swift in Sources */,
				114B924C2363D579007DE4A4 /* SceneDelegate.swift in Sources */,
				11AA8CCD23644D4500666218 /* SingleBookViewReactor.swift in Sources */,
				1135D22723649A9100D50753 /* Page.swift in Sources */,
				1141FAE32363E5340031DC24 /* HomeViewController.swift in Sources */,
				1102EAA72363ECA300845DC2 /* CellItem.swift in Sources */,
				11AA8CCF23644F8C00666218 /* Chapter.swift in Sources */,
			);
			runOnlyForDeploymentPostprocessing = 0;
		};
/* End PBXSourcesBuildPhase section */

/* Begin PBXVariantGroup section */
		114B924F2363D579007DE4A4 /* Main.storyboard */ = {
			isa = PBXVariantGroup;
			children = (
				114B92502363D579007DE4A4 /* Base */,
			);
			name = Main.storyboard;
			sourceTree = "<group>";
		};
		114B92542363D57A007DE4A4 /* LaunchScreen.storyboard */ = {
			isa = PBXVariantGroup;
			children = (
				114B92552363D57A007DE4A4 /* Base */,
			);
			name = LaunchScreen.storyboard;
			sourceTree = "<group>";
		};
/* End PBXVariantGroup section */

/* Begin XCBuildConfiguration section */
		114B92582363D57A007DE4A4 /* Debug */ = {
			isa = XCBuildConfiguration;
			buildSettings = {
				ALWAYS_SEARCH_USER_PATHS = NO;
				CLANG_ANALYZER_NONNULL = YES;
				CLANG_ANALYZER_NUMBER_OBJECT_CONVERSION = YES_AGGRESSIVE;
				CLANG_CXX_LANGUAGE_STANDARD = "gnu++14";
				CLANG_CXX_LIBRARY = "libc++";
				CLANG_ENABLE_MODULES = YES;
				CLANG_ENABLE_OBJC_ARC = YES;
				CLANG_ENABLE_OBJC_WEAK = YES;
				CLANG_WARN_BLOCK_CAPTURE_AUTORELEASING = YES;
				CLANG_WARN_BOOL_CONVERSION = YES;
				CLANG_WARN_COMMA = YES;
				CLANG_WARN_CONSTANT_CONVERSION = YES;
				CLANG_WARN_DEPRECATED_OBJC_IMPLEMENTATIONS = YES;
				CLANG_WARN_DIRECT_OBJC_ISA_USAGE = YES_ERROR;
				CLANG_WARN_DOCUMENTATION_COMMENTS = YES;
				CLANG_WARN_EMPTY_BODY = YES;
				CLANG_WARN_ENUM_CONVERSION = YES;
				CLANG_WARN_INFINITE_RECURSION = YES;
				CLANG_WARN_INT_CONVERSION = YES;
				CLANG_WARN_NON_LITERAL_NULL_CONVERSION = YES;
				CLANG_WARN_OBJC_IMPLICIT_RETAIN_SELF = YES;
				CLANG_WARN_OBJC_LITERAL_CONVERSION = YES;
				CLANG_WARN_OBJC_ROOT_CLASS = YES_ERROR;
				CLANG_WARN_RANGE_LOOP_ANALYSIS = YES;
				CLANG_WARN_STRICT_PROTOTYPES = YES;
				CLANG_WARN_SUSPICIOUS_MOVE = YES;
				CLANG_WARN_UNGUARDED_AVAILABILITY = YES_AGGRESSIVE;
				CLANG_WARN_UNREACHABLE_CODE = YES;
				CLANG_WARN__DUPLICATE_METHOD_MATCH = YES;
				COPY_PHASE_STRIP = NO;
				DEBUG_INFORMATION_FORMAT = dwarf;
				ENABLE_STRICT_OBJC_MSGSEND = YES;
				ENABLE_TESTABILITY = YES;
				GCC_C_LANGUAGE_STANDARD = gnu11;
				GCC_DYNAMIC_NO_PIC = NO;
				GCC_NO_COMMON_BLOCKS = YES;
				GCC_OPTIMIZATION_LEVEL = 0;
				GCC_PREPROCESSOR_DEFINITIONS = (
					"DEBUG=1",
					"$(inherited)",
				);
				GCC_WARN_64_TO_32_BIT_CONVERSION = YES;
				GCC_WARN_ABOUT_RETURN_TYPE = YES_ERROR;
				GCC_WARN_UNDECLARED_SELECTOR = YES;
				GCC_WARN_UNINITIALIZED_AUTOS = YES_AGGRESSIVE;
				GCC_WARN_UNUSED_FUNCTION = YES;
				GCC_WARN_UNUSED_VARIABLE = YES;
				IPHONEOS_DEPLOYMENT_TARGET = 13.0;
				MTL_ENABLE_DEBUG_INFO = INCLUDE_SOURCE;
				MTL_FAST_MATH = YES;
				ONLY_ACTIVE_ARCH = YES;
				SDKROOT = iphoneos;
				SWIFT_ACTIVE_COMPILATION_CONDITIONS = DEBUG;
				SWIFT_OPTIMIZATION_LEVEL = "-Onone";
			};
			name = Debug;
		};
		114B92592363D57A007DE4A4 /* Release */ = {
			isa = XCBuildConfiguration;
			buildSettings = {
				ALWAYS_SEARCH_USER_PATHS = NO;
				CLANG_ANALYZER_NONNULL = YES;
				CLANG_ANALYZER_NUMBER_OBJECT_CONVERSION = YES_AGGRESSIVE;
				CLANG_CXX_LANGUAGE_STANDARD = "gnu++14";
				CLANG_CXX_LIBRARY = "libc++";
				CLANG_ENABLE_MODULES = YES;
				CLANG_ENABLE_OBJC_ARC = YES;
				CLANG_ENABLE_OBJC_WEAK = YES;
				CLANG_WARN_BLOCK_CAPTURE_AUTORELEASING = YES;
				CLANG_WARN_BOOL_CONVERSION = YES;
				CLANG_WARN_COMMA = YES;
				CLANG_WARN_CONSTANT_CONVERSION = YES;
				CLANG_WARN_DEPRECATED_OBJC_IMPLEMENTATIONS = YES;
				CLANG_WARN_DIRECT_OBJC_ISA_USAGE = YES_ERROR;
				CLANG_WARN_DOCUMENTATION_COMMENTS = YES;
				CLANG_WARN_EMPTY_BODY = YES;
				CLANG_WARN_ENUM_CONVERSION = YES;
				CLANG_WARN_INFINITE_RECURSION = YES;
				CLANG_WARN_INT_CONVERSION = YES;
				CLANG_WARN_NON_LITERAL_NULL_CONVERSION = YES;
				CLANG_WARN_OBJC_IMPLICIT_RETAIN_SELF = YES;
				CLANG_WARN_OBJC_LITERAL_CONVERSION = YES;
				CLANG_WARN_OBJC_ROOT_CLASS = YES_ERROR;
				CLANG_WARN_RANGE_LOOP_ANALYSIS = YES;
				CLANG_WARN_STRICT_PROTOTYPES = YES;
				CLANG_WARN_SUSPICIOUS_MOVE = YES;
				CLANG_WARN_UNGUARDED_AVAILABILITY = YES_AGGRESSIVE;
				CLANG_WARN_UNREACHABLE_CODE = YES;
				CLANG_WARN__DUPLICATE_METHOD_MATCH = YES;
				COPY_PHASE_STRIP = NO;
				DEBUG_INFORMATION_FORMAT = "dwarf-with-dsym";
				ENABLE_NS_ASSERTIONS = NO;
				ENABLE_STRICT_OBJC_MSGSEND = YES;
				GCC_C_LANGUAGE_STANDARD = gnu11;
				GCC_NO_COMMON_BLOCKS = YES;
				GCC_WARN_64_TO_32_BIT_CONVERSION = YES;
				GCC_WARN_ABOUT_RETURN_TYPE = YES_ERROR;
				GCC_WARN_UNDECLARED_SELECTOR = YES;
				GCC_WARN_UNINITIALIZED_AUTOS = YES_AGGRESSIVE;
				GCC_WARN_UNUSED_FUNCTION = YES;
				GCC_WARN_UNUSED_VARIABLE = YES;
				IPHONEOS_DEPLOYMENT_TARGET = 13.0;
				MTL_ENABLE_DEBUG_INFO = NO;
				MTL_FAST_MATH = YES;
				SDKROOT = iphoneos;
				SWIFT_COMPILATION_MODE = wholemodule;
				SWIFT_OPTIMIZATION_LEVEL = "-O";
				VALIDATE_PRODUCT = YES;
			};
			name = Release;
		};
		114B925B2363D57A007DE4A4 /* Debug */ = {
			isa = XCBuildConfiguration;
			baseConfigurationReference = 2115B27A63AA51501BA388BD /* Pods-Marine.debug.xcconfig */;
			buildSettings = {
				ASSETCATALOG_COMPILER_APPICON_NAME = AppIcon;
				CODE_SIGN_STYLE = Automatic;
				DEVELOPMENT_TEAM = 6Z8242LF74;
				INFOPLIST_FILE = Marine/Info.plist;
				LD_RUNPATH_SEARCH_PATHS = (
					"$(inherited)",
					"@executable_path/Frameworks",
				);
				PRODUCT_BUNDLE_IDENTIFIER = me.imjn.marine;
				PRODUCT_NAME = "$(TARGET_NAME)";
				SWIFT_VERSION = 5.0;
				TARGETED_DEVICE_FAMILY = "1,2";
			};
			name = Debug;
		};
		114B925C2363D57A007DE4A4 /* Release */ = {
			isa = XCBuildConfiguration;
			baseConfigurationReference = D791D4AB253062BD2D8B7ADB /* Pods-Marine.release.xcconfig */;
			buildSettings = {
				ASSETCATALOG_COMPILER_APPICON_NAME = AppIcon;
				CODE_SIGN_STYLE = Automatic;
				DEVELOPMENT_TEAM = 6Z8242LF74;
				INFOPLIST_FILE = Marine/Info.plist;
				LD_RUNPATH_SEARCH_PATHS = (
					"$(inherited)",
					"@executable_path/Frameworks",
				);
				PRODUCT_BUNDLE_IDENTIFIER = me.imjn.marine;
				PRODUCT_NAME = "$(TARGET_NAME)";
				SWIFT_VERSION = 5.0;
				TARGETED_DEVICE_FAMILY = "1,2";
			};
			name = Release;
		};
/* End XCBuildConfiguration section */

/* Begin XCConfigurationList section */
		114B92412363D579007DE4A4 /* Build configuration list for PBXProject "Marine" */ = {
			isa = XCConfigurationList;
			buildConfigurations = (
				114B92582363D57A007DE4A4 /* Debug */,
				114B92592363D57A007DE4A4 /* Release */,
			);
			defaultConfigurationIsVisible = 0;
			defaultConfigurationName = Release;
		};
		114B925A2363D57A007DE4A4 /* Build configuration list for PBXNativeTarget "Marine" */ = {
			isa = XCConfigurationList;
			buildConfigurations = (
				114B925B2363D57A007DE4A4 /* Debug */,
				114B925C2363D57A007DE4A4 /* Release */,
			);
			defaultConfigurationIsVisible = 0;
			defaultConfigurationName = Release;
		};
/* End XCConfigurationList section */
	};
	rootObject = 114B923E2363D579007DE4A4 /* Project object */;
}
