PODS:
  - AcknowList (1.9.2)
  - Alamofire (4.9.0)
  - AlamofireImage (3.5.2):
    - Alamofire (~> 4.8)
  - BoringSSL-GRPC (0.0.3):
    - BoringSSL-GRPC/Implementation (= 0.0.3)
    - BoringSSL-GRPC/Interface (= 0.0.3)
  - BoringSSL-GRPC/Implementation (0.0.3):
    - BoringSSL-GRPC/Interface (= 0.0.3)
  - BoringSSL-GRPC/Interface (0.0.3)
  - Crashlytics (3.13.4):
    - Fabric (~> 1.10.2)
  - CropViewController (2.5.1)
  - Differentiator (4.0.1)
  - Fabric (1.10.2)
  - FaveButton (3.2.0)
  - Firebase/Analytics (6.10.0):
    - Firebase/Core
  - Firebase/Auth (6.10.0):
    - Firebase/CoreOnly
    - FirebaseAuth (~> 6.3.0)
  - Firebase/Core (6.10.0):
    - Firebase/CoreOnly
    - FirebaseAnalytics (= 6.1.3)
  - Firebase/CoreOnly (6.10.0):
    - FirebaseCore (= 6.3.1)
  - Firebase/DynamicLinks (6.10.0):
    - Firebase/CoreOnly
    - FirebaseDynamicLinks (~> 4.0.5)
  - Firebase/Firestore (6.10.0):
    - Firebase/CoreOnly
    - FirebaseFirestore (~> 1.6.0)
  - Firebase/Messaging (6.10.0):
    - Firebase/CoreOnly
    - FirebaseMessaging (~> 4.1.6)
  - Firebase/Storage (6.10.0):
    - Firebase/CoreOnly
    - FirebaseStorage (~> 3.4.1)
  - FirebaseAnalytics (6.1.3):
    - FirebaseCore (~> 6.3)
    - FirebaseInstanceID (~> 4.2)
    - GoogleAppMeasurement (= 6.1.3)
    - GoogleUtilities/AppDelegateSwizzler (~> 6.0)
    - GoogleUtilities/MethodSwizzler (~> 6.0)
    - GoogleUtilities/Network (~> 6.0)
    - "GoogleUtilities/NSData+zlib (~> 6.0)"
    - nanopb (~> 0.3.901)
  - FirebaseAnalyticsInterop (1.4.0)
  - FirebaseAuth (6.3.0):
    - FirebaseAuthInterop (~> 1.0)
    - FirebaseCore (~> 6.2)
    - GoogleUtilities/AppDelegateSwizzler (~> 6.2)
    - GoogleUtilities/Environment (~> 6.2)
    - GTMSessionFetcher/Core (~> 1.1)
  - FirebaseAuthInterop (1.0.0)
  - FirebaseCore (6.3.1):
    - FirebaseCoreDiagnostics (~> 1.0)
    - FirebaseCoreDiagnosticsInterop (~> 1.0)
    - GoogleUtilities/Environment (~> 6.2)
    - GoogleUtilities/Logger (~> 6.2)
  - FirebaseCoreDiagnostics (1.1.1):
    - FirebaseCoreDiagnosticsInterop (~> 1.0)
    - GoogleDataTransportCCTSupport (~> 1.0)
    - GoogleUtilities/Environment (~> 6.2)
    - GoogleUtilities/Logger (~> 6.2)
    - nanopb (~> 0.3.901)
  - FirebaseCoreDiagnosticsInterop (1.0.0)
  - FirebaseDynamicLinks (4.0.5):
    - FirebaseAnalyticsInterop (~> 1.3)
    - FirebaseCore (~> 6.2)
  - FirebaseFirestore (1.6.0):
    - FirebaseAuthInterop (~> 1.0)
    - FirebaseCore (~> 6.2)
    - FirebaseFirestore/abseil-cpp (= 1.6.0)
    - "gRPC-C++ (= 0.0.9)"
    - leveldb-library (~> 1.22)
    - nanopb (~> 0.3.901)
    - Protobuf (>= 3.9.2, ~> 3.9)
  - FirebaseFirestore/abseil-cpp (1.6.0):
    - FirebaseAuthInterop (~> 1.0)
    - FirebaseCore (~> 6.2)
    - "gRPC-C++ (= 0.0.9)"
    - leveldb-library (~> 1.22)
    - nanopb (~> 0.3.901)
    - Protobuf (>= 3.9.2, ~> 3.9)
  - FirebaseInstanceID (4.2.5):
    - FirebaseCore (~> 6.0)
    - GoogleUtilities/Environment (~> 6.0)
    - GoogleUtilities/UserDefaults (~> 6.0)
  - FirebaseMessaging (4.1.6):
    - FirebaseAnalyticsInterop (~> 1.3)
    - FirebaseCore (~> 6.2)
    - FirebaseInstanceID (~> 4.1)
    - GoogleUtilities/AppDelegateSwizzler (~> 6.2)
    - GoogleUtilities/Environment (~> 6.2)
    - GoogleUtilities/Reachability (~> 6.2)
    - GoogleUtilities/UserDefaults (~> 6.2)
    - Protobuf (>= 3.9.2, ~> 3.9)
  - FirebaseStorage (3.4.1):
    - FirebaseAuthInterop (~> 1.0)
    - FirebaseCore (~> 6.0)
    - GTMSessionFetcher/Core (~> 1.1)
  - GoogleAppMeasurement (6.1.3):
    - GoogleUtilities/AppDelegateSwizzler (~> 6.0)
    - GoogleUtilities/MethodSwizzler (~> 6.0)
    - GoogleUtilities/Network (~> 6.0)
    - "GoogleUtilities/NSData+zlib (~> 6.0)"
    - nanopb (~> 0.3.901)
  - GoogleDataTransport (3.0.1)
  - GoogleDataTransportCCTSupport (1.2.1):
    - GoogleDataTransport (~> 3.0)
    - nanopb (~> 0.3.901)
  - GoogleUtilities/AppDelegateSwizzler (6.3.1):
    - GoogleUtilities/Environment
    - GoogleUtilities/Logger
    - GoogleUtilities/Network
  - GoogleUtilities/Environment (6.3.1)
  - GoogleUtilities/Logger (6.3.1):
    - GoogleUtilities/Environment
  - GoogleUtilities/MethodSwizzler (6.3.1):
    - GoogleUtilities/Logger
  - GoogleUtilities/Network (6.3.1):
    - GoogleUtilities/Logger
    - "GoogleUtilities/NSData+zlib"
    - GoogleUtilities/Reachability
  - "GoogleUtilities/NSData+zlib (6.3.1)"
  - GoogleUtilities/Reachability (6.3.1):
    - GoogleUtilities/Logger
  - GoogleUtilities/UserDefaults (6.3.1):
    - GoogleUtilities/Logger
  - "gRPC-C++ (0.0.9)":
    - "gRPC-C++/Implementation (= 0.0.9)"
    - "gRPC-C++/Interface (= 0.0.9)"
  - "gRPC-C++/Implementation (0.0.9)":
    - "gRPC-C++/Interface (= 0.0.9)"
    - gRPC-Core (= 1.21.0)
    - nanopb (~> 0.3)
  - "gRPC-C++/Interface (0.0.9)"
  - gRPC-Core (1.21.0):
    - gRPC-Core/Implementation (= 1.21.0)
    - gRPC-Core/Interface (= 1.21.0)
  - gRPC-Core/Implementation (1.21.0):
    - BoringSSL-GRPC (= 0.0.3)
    - gRPC-Core/Interface (= 1.21.0)
    - nanopb (~> 0.3)
  - gRPC-Core/Interface (1.21.0)
  - GTMSessionFetcher/Core (1.2.2)
  - ImageSlideshow (1.8.1):
    - ImageSlideshow/Core (= 1.8.1)
  - ImageSlideshow/Core (1.8.1)
  - ImageSlideshow/Kingfisher (1.8.1):
    - ImageSlideshow/Core
    - Kingfisher (> 3.0)
  - IQKeyboardManagerSwift (6.5.1)
  - Kingfisher (5.8.3):
    - Kingfisher/Core (= 5.8.3)
  - Kingfisher/Core (5.8.3)
  - leveldb-library (1.22)
  - lottie-ios (3.1.3)
  - nanopb (0.3.901):
    - nanopb/decode (= 0.3.901)
    - nanopb/encode (= 0.3.901)
  - nanopb/decode (0.3.901)
  - nanopb/encode (0.3.901)
  - OneSignal (2.11.2)
  - Protobuf (3.10.0)
  - ReactorKit (2.0.1):
    - RxSwift (~> 5.0)
  - Realm (3.19.1):
    - Realm/Headers (= 3.19.1)
  - Realm/Headers (3.19.1)
  - RealmSwift (3.19.1):
    - Realm (= 3.19.1)
  - RxCocoa (5.0.0):
    - RxRelay (~> 5)
    - RxSwift (~> 5)
  - RxDataSources (4.0.1):
    - Differentiator (~> 4.0)
    - RxCocoa (~> 5.0)
    - RxSwift (~> 5.0)
  - RxFirebase/Auth (0.3.8):
    - RxFirebaseAuthentication (~> 0.3)
  - RxFirebase/Firestore (0.3.8):
    - RxFirebaseFirestore (~> 0.3)
  - RxFirebase/Storage (0.3.8):
    - RxFirebaseStorage (~> 0.3)
  - RxFirebaseAuthentication (0.3.8):
    - FirebaseAuth (~> 6)
    - FirebaseCore (~> 6)
    - RxCocoa (~> 5)
    - RxSwift (~> 5)
  - RxFirebaseFirestore (0.3.8):
    - FirebaseFirestore (~> 1.5)
    - RxCocoa (~> 5)
    - RxSwift (~> 5)
  - RxFirebaseStorage (0.3.8):
    - FirebaseStorage (~> 3)
    - RxCocoa (~> 5)
    - RxSwift (~> 5)
  - RxOptional (4.0.0):
    - RxCocoa (~> 5)
    - RxSwift (~> 5)
  - RxRealm (1.0.0):
    - RealmSwift (~> 3.14)
    - RxSwift (~> 5.0)
  - RxRelay (5.0.0):
    - RxSwift (~> 5)
  - RxSwift (5.0.0)
  - RxViewController (1.0.0):
    - RxCocoa (~> 5.0)
    - RxSwift (~> 5.0)
  - Swinject (2.6.0)
  - SwinjectAutoregistration (2.6.0):
    - Swinject (~> 2.6)
  - SwinjectStoryboard (2.2.0):
    - Swinject (~> 2.6)
  - WaterfallLayout (0.2)
  - XLPagerTabStrip (9.0.0)

DEPENDENCIES:
  - AcknowList
  - AlamofireImage (~> 3.5)
  - Crashlytics (~> 3.13.4)
  - CropViewController
  - Fabric (~> 1.10.2)
  - FaveButton
  - Firebase/Analytics
  - Firebase/Auth
  - Firebase/Core
  - Firebase/DynamicLinks
  - Firebase/Firestore
  - Firebase/Messaging
  - Firebase/Storage
  - ImageSlideshow (~> 1.8.1)
  - ImageSlideshow/Kingfisher
  - IQKeyboardManagerSwift
  - lottie-ios
  - OneSignal (< 3.0, >= 2.11.0)
  - ReactorKit
  - RealmSwift
  - RxCocoa
  - RxDataSources
  - RxFirebase/Auth
  - RxFirebase/Firestore
  - RxFirebase/Storage
  - RxOptional
  - RxRealm
  - RxSwift
  - RxViewController
  - Swinject (= 2.6.0)
  - SwinjectAutoregistration (= 2.6.0)
  - SwinjectStoryboard
  - WaterfallLayout (~> 0.1)
  - XLPagerTabStrip

SPEC REPOS:
  https://github.com/cocoapods/specs.git:
    - AcknowList
    - Alamofire
    - AlamofireImage
    - BoringSSL-GRPC
    - Crashlytics
    - CropViewController
    - Differentiator
    - Fabric
    - FaveButton
    - Firebase
    - FirebaseAnalytics
    - FirebaseAnalyticsInterop
    - FirebaseAuth
    - FirebaseAuthInterop
    - FirebaseCore
    - FirebaseCoreDiagnostics
    - FirebaseCoreDiagnosticsInterop
    - FirebaseDynamicLinks
    - FirebaseFirestore
    - FirebaseInstanceID
    - FirebaseMessaging
    - FirebaseStorage
    - GoogleAppMeasurement
    - GoogleDataTransport
    - GoogleDataTransportCCTSupport
    - GoogleUtilities
    - "gRPC-C++"
    - gRPC-Core
    - GTMSessionFetcher
    - ImageSlideshow
    - IQKeyboardManagerSwift
    - Kingfisher
    - leveldb-library
    - lottie-ios
    - nanopb
    - OneSignal
    - Protobuf
    - ReactorKit
    - Realm
    - RealmSwift
    - RxCocoa
    - RxDataSources
    - RxFirebase
    - RxFirebaseAuthentication
    - RxFirebaseFirestore
    - RxFirebaseStorage
    - RxOptional
    - RxRealm
    - RxRelay
    - RxSwift
    - RxViewController
    - Swinject
    - SwinjectAutoregistration
    - SwinjectStoryboard
    - WaterfallLayout
    - XLPagerTabStrip

SPEC CHECKSUMS:
  AcknowList: 164431f4c3da64b0c867f5fcda24558e6283cbcf
  Alamofire: afc3e7c6db61476cb45cdd23fed06bad03bbc321
  AlamofireImage: 63cfe3baf1370be6c498149687cf6db3e3b00999
  BoringSSL-GRPC: db8764df3204ccea016e1c8dd15d9a9ad63ff318
  Crashlytics: 2dfd686bcb918dc10ee0e76f7f853fe42c7bd552
  CropViewController: 10ba7af75e302f2db7eb913f8aa1156f95cfe88e
  Differentiator: 886080237d9f87f322641dedbc5be257061b0602
  Fabric: 706c8b8098fff96c33c0db69cbf81f9c551d0d74
  FaveButton: c818ab3d04d22a7615e93f08c7b35932acb3f735
  Firebase: 5e6b7b12bf9adb90986688edc06b156c37e109cd
  FirebaseAnalytics: 0e3ecff2c5d86070f7d4325e21f1edabfbd558dc
  FirebaseAnalyticsInterop: d48b6ab67bcf016a05e55b71fc39c61c0cb6b7f3
  FirebaseAuth: c66e990f79d1d3429165391f6cd70ace6143c25e
  FirebaseAuthInterop: 0ffa57668be100582bb7643d4fcb7615496c41fc
  FirebaseCore: 064c2dd92a8ca5974bbdcb080df9921e46bd34cd
  FirebaseCoreDiagnostics: af29e43048607588c050889d19204f4d7b758c9f
  FirebaseCoreDiagnosticsInterop: 6829da2b8d1fc795ff1bd99df751d3788035d2cb
  FirebaseDynamicLinks: db62e9da4788f9c5ebce2028dab933a0c158cfe2
  FirebaseFirestore: 5a9e9a14305336e8d1a4f915a45ecf0f5d6dcaec
  FirebaseInstanceID: 550df9be1f99f751d8fcde3ac342a1e21a0e6c42
  FirebaseMessaging: 35edef69a6af9b34e9e44624089f054be3c09089
  FirebaseStorage: b7c6d00997bc21d4465453bdcc5cc65513110fed
  GoogleAppMeasurement: 434cc7be25e71dc04b8d0e3079125127b330e84a
  GoogleDataTransport: 166f9b9f82cbf60a204e8fe2daa9db3e3ec1fb15
  GoogleDataTransportCCTSupport: f6ab1962e9dc05ab1fb938b795e5b310209edeec
  GoogleUtilities: f895fde57977df4e0233edda0dbeac490e3703b6
  "gRPC-C++": 9dfe7b44821e7b3e44aacad2af29d2c21f7cde83
  gRPC-Core: c9aef9a261a1247e881b18059b84d597293c9947
  GTMSessionFetcher: 61bb0f61a4cb560030f1222021178008a5727a23
  ImageSlideshow: 634865d7d4e96f21e3830a31b51bde768cc94cea
  IQKeyboardManagerSwift: 9ac7524fad9f9fe9a3b98c927e7772471ca546d2
  Kingfisher: b7e4cb65ff24c264bd2a1284b75b974d907afd94
  leveldb-library: 55d93ee664b4007aac644a782d11da33fba316f7
  lottie-ios: 496ac5cea1bbf1a7bd1f1f472f3232eb1b8d744b
  nanopb: 2901f78ea1b7b4015c860c2fdd1ea2fee1a18d48
  OneSignal: 4e3e68bb6c29975286a2fa910cb49132bc6e20bb
  Protobuf: a4dc852ad69c027ca2166ed287b856697814375b
  ReactorKit: a63c5e11e0fd32d59d672e54178b0ed2876b764b
  Realm: fb377747e694c7deb62d402400454134fe321bee
  RealmSwift: 1302b0ab60f3105a2b214a735eeb0938607cf16b
  RxCocoa: fcf32050ac00d801f34a7f71d5e8e7f23026dcd8
  RxDataSources: efee07fa4de48477eca0a4611e6d11e2da9c1114
  RxFirebase: 45e6448c69c7212e21f8ba89144443f916437861
  RxFirebaseAuthentication: 5d0573fd641947ed857346624d1c849bbd86bdff
  RxFirebaseFirestore: edabc5e6b02bd876a323a0e53cb5071356505db2
  RxFirebaseStorage: 271184ff8f8d3660bfc751dcafdbb4dd01d0b8a1
  RxOptional: 9904e2219d59260c3c171273d475b2126de187e8
  RxRealm: 1e81dcfca1fb50c3e9b3e1f8102bc875c5156a2e
  RxRelay: 4f7409406a51a55cd88483f21ed898c234d60f18
  RxSwift: 8b0671caa829a763bbce7271095859121cbd895f
  RxViewController: 7330a46e5c31cd680db169da4c9fc8676e975a81
  Swinject: 48a96cda93633cf2860697b4ce76ab5db9ebaca2
  SwinjectAutoregistration: 93a908f7543c401b0c315305ac0ae501efdbce89
  SwinjectStoryboard: 32512ef16c2b0ff5b8f823b23539c4a50f6d3383
  WaterfallLayout: 030e04b041e5c6c47ae2c1eaa685c60289fab0b1
  XLPagerTabStrip: 61c57fd61f611ee5f01ff1495ad6fbee8bf496c5

PODFILE CHECKSUM: e12a64370b1cace7bb361019822629907fa00804

COCOAPODS: 1.7.5
